# This file is automatically @generated by Cargo.
# It is not intended for manual editing.
version = 3

[[package]]
name = "aho-corasick"
version = "0.6.10"
source = "registry+https://github.com/rust-lang/crates.io-index"
checksum = "81ce3d38065e618af2d7b77e10c5ad9a069859b4be3c2250f674af3840d9c8a5"
dependencies = [
 "memchr",
]

[[package]]
name = "ansi_term"
version = "0.11.0"
source = "registry+https://github.com/rust-lang/crates.io-index"
checksum = "ee49baf6cb617b853aa8d93bf420db2383fab46d314482ca2803b40d5fde979b"
dependencies = [
 "winapi 0.3.6",
]

[[package]]
name = "arrayvec"
version = "0.4.10"
source = "registry+https://github.com/rust-lang/crates.io-index"
checksum = "92c7fb76bc8826a8b33b4ee5bb07a247a81e76764ab4d55e8f73e3a4d8808c71"
dependencies = [
 "nodrop",
]

[[package]]
name = "atty"
version = "0.2.11"
source = "registry+https://github.com/rust-lang/crates.io-index"
checksum = "9a7d5b8723950951411ee34d271d99dddcc2035a16ab25310ea2c8cfd4369652"
dependencies = [
 "libc",
 "termion",
 "winapi 0.3.6",
]

[[package]]
name = "autocfg"
version = "0.1.2"
source = "registry+https://github.com/rust-lang/crates.io-index"
checksum = "a6d640bee2da49f60a4068a7fae53acde8982514ab7bae8b8cea9e88cbcfd799"

[[package]]
name = "bitflags"
version = "0.9.1"
source = "registry+https://github.com/rust-lang/crates.io-index"
checksum = "4efd02e230a02e18f92fc2735f44597385ed02ad8f831e7c1c1156ee5e1ab3a5"

[[package]]
name = "bitflags"
version = "1.0.4"
source = "registry+https://github.com/rust-lang/crates.io-index"
checksum = "228047a76f468627ca71776ecdebd732a3423081fcf5125585bcd7c49886ce12"

[[package]]
name = "byteorder"
version = "1.3.1"
source = "registry+https://github.com/rust-lang/crates.io-index"
checksum = "a019b10a2a7cdeb292db131fc8113e57ea2a908f6e7894b0c3c671893b65dbeb"

[[package]]
name = "bytes"
version = "0.4.11"
source = "registry+https://github.com/rust-lang/crates.io-index"
checksum = "40ade3d27603c2cb345eb0912aec461a6dec7e06a4ae48589904e808335c7afa"
dependencies = [
 "byteorder",
 "iovec",
]

[[package]]
name = "capnp"
version = "0.9.4"
source = "registry+https://github.com/rust-lang/crates.io-index"
checksum = "5f3809f2a9dae96253a32f079db1d9887a495fa0e3181bc2a64476d7ff58eac8"
dependencies = [
 "byteorder",
 "futures",
]

[[package]]
name = "capnp-futures"
version = "0.9.0"
source = "registry+https://github.com/rust-lang/crates.io-index"
checksum = "257f769e90247bceade3fc8dc1f26b89d48e84414b0495eeecbe904eba890690"
dependencies = [
 "byteorder",
 "capnp",
 "futures",
]

[[package]]
name = "capnp-rpc"
version = "0.9.0"
source = "registry+https://github.com/rust-lang/crates.io-index"
checksum = "ce375f1b92bb3ae0eb3edc7409528cbfb17f35612feca67e49c38a6f29570046"
dependencies = [
 "capnp",
 "capnp-futures",
 "capnpc",
 "futures",
]

[[package]]
name = "capnpc"
version = "0.9.3"
source = "registry+https://github.com/rust-lang/crates.io-index"
checksum = "def7dcaba60ae98fb6fd1614e141f7c9b98ac7dd5daddb9f79771c4296b1ed21"
dependencies = [
 "capnp",
]

[[package]]
name = "cc"
version = "1.0.31"
source = "registry+https://github.com/rust-lang/crates.io-index"
checksum = "c9ce8bb087aacff865633f0bd5aeaed910fe2fe55b55f4739527f2e023a2e53d"

[[package]]
name = "cfg-if"
version = "0.1.6"
source = "registry+https://github.com/rust-lang/crates.io-index"
checksum = "082bb9b28e00d3c9d39cc03e64ce4cea0f1bb9b3fde493f0cbc008472d22bdf4"

[[package]]
name = "chrono"
version = "0.4.6"
source = "registry+https://github.com/rust-lang/crates.io-index"
checksum = "45912881121cb26fad7c38c17ba7daa18764771836b34fab7d3fbd93ed633878"
dependencies = [
 "num-integer",
 "num-traits",
 "time",
]

[[package]]
name = "clap"
version = "2.32.0"
source = "registry+https://github.com/rust-lang/crates.io-index"
checksum = "b957d88f4b6a63b9d70d5f454ac8011819c6efa7727858f458ab71c756ce2d3e"
dependencies = [
 "ansi_term",
 "atty",
 "bitflags 1.0.4",
 "strsim",
 "textwrap",
 "unicode-width",
 "vec_map",
]

[[package]]
name = "cloudabi"
version = "0.0.3"
source = "registry+https://github.com/rust-lang/crates.io-index"
checksum = "ddfc5b9aa5d4507acaf872de71051dfd0e309860e88966e1051e462a077aac4f"
dependencies = [
 "bitflags 1.0.4",
]

[[package]]
name = "colored"
version = "1.7.0"
source = "registry+https://github.com/rust-lang/crates.io-index"
checksum = "6e9a455e156a4271e12fd0246238c380b1e223e3736663c7a18ed8b6362028a9"
dependencies = [
 "lazy_static",
]

[[package]]
name = "crossbeam"
version = "0.6.0"
source = "registry+https://github.com/rust-lang/crates.io-index"
checksum = "ad4c7ea749d9fb09e23c5cb17e3b70650860553a0e2744e38446b1803bf7db94"
dependencies = [
 "cfg-if",
 "crossbeam-channel",
 "crossbeam-deque 0.6.3",
 "crossbeam-epoch",
 "crossbeam-utils",
 "lazy_static",
 "num_cpus",
 "parking_lot",
]

[[package]]
name = "crossbeam"
version = "0.7.1"
source = "registry+https://github.com/rust-lang/crates.io-index"
checksum = "b14492071ca110999a20bf90e3833406d5d66bfd93b4e52ec9539025ff43fe0d"
dependencies = [
 "cfg-if",
 "crossbeam-channel",
 "crossbeam-deque 0.7.1",
 "crossbeam-epoch",
 "crossbeam-queue",
 "crossbeam-utils",
]

[[package]]
name = "crossbeam-channel"
version = "0.3.8"
source = "registry+https://github.com/rust-lang/crates.io-index"
checksum = "0f0ed1a4de2235cabda8558ff5840bffb97fcb64c97827f354a451307df5f72b"
dependencies = [
 "crossbeam-utils",
 "smallvec",
]

[[package]]
name = "crossbeam-deque"
version = "0.6.3"
source = "registry+https://github.com/rust-lang/crates.io-index"
checksum = "05e44b8cf3e1a625844d1750e1f7820da46044ff6d28f4d43e455ba3e5bb2c13"
dependencies = [
 "crossbeam-epoch",
 "crossbeam-utils",
]

[[package]]
name = "crossbeam-deque"
version = "0.7.1"
source = "registry+https://github.com/rust-lang/crates.io-index"
checksum = "b18cd2e169ad86297e6bc0ad9aa679aee9daa4f19e8163860faf7c164e4f5a71"
dependencies = [
 "crossbeam-epoch",
 "crossbeam-utils",
]

[[package]]
name = "crossbeam-epoch"
version = "0.7.1"
source = "registry+https://github.com/rust-lang/crates.io-index"
checksum = "04c9e3102cc2d69cd681412141b390abd55a362afc1540965dad0ad4d34280b4"
dependencies = [
 "arrayvec",
 "cfg-if",
 "crossbeam-utils",
 "lazy_static",
 "memoffset",
 "scopeguard",
]

[[package]]
name = "crossbeam-queue"
version = "0.1.2"
source = "registry+https://github.com/rust-lang/crates.io-index"
checksum = "7c979cd6cfe72335896575c6b5688da489e420d36a27a0b9eb0c73db574b4a4b"
dependencies = [
 "crossbeam-utils",
]

[[package]]
name = "crossbeam-utils"
version = "0.6.5"
source = "registry+https://github.com/rust-lang/crates.io-index"
checksum = "f8306fcef4a7b563b76b7dd949ca48f52bc1141aa067d2ea09565f3e2652aa5c"
dependencies = [
 "cfg-if",
 "lazy_static",
]

[[package]]
name = "either"
version = "1.5.1"
source = "registry+https://github.com/rust-lang/crates.io-index"
checksum = "c67353c641dc847124ea1902d69bd753dee9bb3beff9aa3662ecf86c971d1fac"

[[package]]
name = "fnv"
version = "1.0.6"
source = "registry+https://github.com/rust-lang/crates.io-index"
checksum = "2fad85553e09a6f881f739c29f0b00b0f01357c743266d478b68951ce23285f3"

[[package]]
name = "fuchsia-cprng"
version = "0.1.1"
source = "registry+https://github.com/rust-lang/crates.io-index"
checksum = "a06f77d526c1a601b7c4cdd98f54b5eaabffc14d5f2f0296febdc7f357c6d3ba"

[[package]]
name = "fuchsia-zircon"
version = "0.3.3"
source = "registry+https://github.com/rust-lang/crates.io-index"
checksum = "2e9763c69ebaae630ba35f74888db465e49e259ba1bc0eda7d06f4a067615d82"
dependencies = [
 "bitflags 1.0.4",
 "fuchsia-zircon-sys",
]

[[package]]
name = "fuchsia-zircon-sys"
version = "0.3.3"
source = "registry+https://github.com/rust-lang/crates.io-index"
checksum = "3dcaa9ae7725d12cdb85b3ad99a434db70b468c09ded17e012d86b5c1010f7a7"

[[package]]
name = "futures"
version = "0.1.25"
source = "registry+https://github.com/rust-lang/crates.io-index"
checksum = "49e7653e374fe0d0c12de4250f0bdb60680b8c80eed558c5c7538eec9c89e21b"

[[package]]
name = "heck"
version = "0.3.1"
source = "registry+https://github.com/rust-lang/crates.io-index"
checksum = "20564e78d53d2bb135c343b3f47714a56af2061f1c928fdb541dc7b9fdd94205"
dependencies = [
 "unicode-segmentation",
]

[[package]]
name = "iovec"
version = "0.1.2"
source = "registry+https://github.com/rust-lang/crates.io-index"
checksum = "dbe6e417e7d0975db6512b90796e8ce223145ac4e33c377e4a42882a0e88bb08"
dependencies = [
 "libc",
 "winapi 0.2.8",
]

[[package]]
name = "isatty"
version = "0.1.9"
source = "registry+https://github.com/rust-lang/crates.io-index"
checksum = "e31a8281fc93ec9693494da65fbf28c0c2aa60a2eaec25dc58e2f31952e95edc"
dependencies = [
 "cfg-if",
 "libc",
 "redox_syscall",
 "winapi 0.3.6",
]

[[package]]
name = "itertools"
version = "0.8.0"
source = "registry+https://github.com/rust-lang/crates.io-index"
checksum = "5b8467d9c1cebe26feb08c640139247fac215782d35371ade9a2136ed6085358"
dependencies = [
 "either",
]

[[package]]
name = "kernel32-sys"
version = "0.2.2"
source = "registry+https://github.com/rust-lang/crates.io-index"
checksum = "7507624b29483431c0ba2d82aece8ca6cdba9382bff4ddd0f7490560c056098d"
dependencies = [
 "winapi 0.2.8",
 "winapi-build",
]

[[package]]
name = "lazy_static"
version = "1.2.0"
source = "registry+https://github.com/rust-lang/crates.io-index"
checksum = "a374c89b9db55895453a74c1e38861d9deec0b01b405a82516e9d5de4820dea1"

[[package]]
name = "lazycell"
version = "1.2.1"
source = "registry+https://github.com/rust-lang/crates.io-index"
checksum = "b294d6fa9ee409a054354afc4352b0b9ef7ca222c69b8812cbea9e7d2bf3783f"

[[package]]
name = "libc"
version = "0.2.126"
source = "registry+https://github.com/rust-lang/crates.io-index"
checksum = "349d5a591cd28b49e1d1037471617a32ddcda5731b99419008085f72d5a53836"

[[package]]
name = "libloading"
version = "0.5.0"
source = "registry+https://github.com/rust-lang/crates.io-index"
checksum = "9c3ad660d7cb8c5822cd83d10897b0f1f1526792737a179e73896152f85b88c2"
dependencies = [
 "cc",
 "winapi 0.3.6",
]

[[package]]
name = "lock_api"
version = "0.1.5"
source = "registry+https://github.com/rust-lang/crates.io-index"
checksum = "62ebf1391f6acad60e5c8b43706dde4582df75c06698ab44511d15016bc2442c"
dependencies = [
 "owning_ref",
 "scopeguard",
]

[[package]]
name = "log"
version = "0.4.6"
source = "registry+https://github.com/rust-lang/crates.io-index"
checksum = "c84ec4b527950aa83a329754b01dbe3f58361d1c5efacd1f6d68c494d08a17c6"
dependencies = [
 "cfg-if",
]

[[package]]
name = "memchr"
version = "2.1.3"
source = "registry+https://github.com/rust-lang/crates.io-index"
checksum = "e1dd4eaac298c32ce07eb6ed9242eda7d82955b9170b7d6db59b2e02cc63fcb8"
dependencies = [
 "cfg-if",
 "libc",
]

[[package]]
name = "memoffset"
version = "0.2.1"
source = "registry+https://github.com/rust-lang/crates.io-index"
checksum = "0f9dc261e2b62d7a622bf416ea3c5245cdd5d9a7fcc428c0d06804dfce1775b3"

[[package]]
name = "mio"
version = "0.6.16"
source = "registry+https://github.com/rust-lang/crates.io-index"
checksum = "71646331f2619b1026cc302f87a2b8b648d5c6dd6937846a16cc8ce0f347f432"
dependencies = [
 "fuchsia-zircon",
 "fuchsia-zircon-sys",
 "iovec",
 "kernel32-sys",
 "lazycell",
 "libc",
 "log",
 "miow",
 "net2",
 "slab",
 "winapi 0.2.8",
]

[[package]]
name = "mio-uds"
version = "0.6.7"
source = "registry+https://github.com/rust-lang/crates.io-index"
checksum = "966257a94e196b11bb43aca423754d87429960a768de9414f3691d6957abf125"
dependencies = [
 "iovec",
 "libc",
 "mio",
]

[[package]]
name = "miow"
version = "0.2.1"
source = "registry+https://github.com/rust-lang/crates.io-index"
checksum = "8c1f2f3b1cf331de6896aabf6e9d55dca90356cc9960cca7eaaf408a355ae919"
dependencies = [
 "kernel32-sys",
 "net2",
 "winapi 0.2.8",
 "ws2_32-sys",
]

[[package]]
name = "net2"
version = "0.2.37"
source = "registry+https://github.com/rust-lang/crates.io-index"
checksum = "391630d12b68002ae1e25e8f974306474966550ad82dac6886fb8910c19568ae"
dependencies = [
 "cfg-if",
 "libc",
 "winapi 0.3.6",
]

[[package]]
name = "nix"
version = "0.9.0"
source = "registry+https://github.com/rust-lang/crates.io-index"
checksum = "a2c5afeb0198ec7be8569d666644b574345aad2e95a53baf3a532da3e0f3fb32"
dependencies = [
 "bitflags 0.9.1",
 "cfg-if",
 "libc",
 "void",
]

[[package]]
name = "nodrop"
version = "0.1.13"
source = "registry+https://github.com/rust-lang/crates.io-index"
checksum = "2f9667ddcc6cc8a43afc9b7917599d7216aa09c463919ea32c59ed6cac8bc945"

[[package]]
name = "nom"
version = "4.2.0"
source = "registry+https://github.com/rust-lang/crates.io-index"
checksum = "b30adc557058ce00c9d0d7cb3c6e0b5bc6f36e2e2eabe74b0ba726d194abd588"
dependencies = [
 "memchr",
 "version_check",
]

[[package]]
name = "num-integer"
version = "0.1.39"
source = "registry+https://github.com/rust-lang/crates.io-index"
checksum = "e83d528d2677f0518c570baf2b7abdcf0cd2d248860b68507bdcb3e91d4c0cea"
dependencies = [
 "num-traits",
]

[[package]]
name = "num-traits"
version = "0.2.6"
source = "registry+https://github.com/rust-lang/crates.io-index"
checksum = "0b3a5d7cc97d6d30d8b9bc8fa19bf45349ffe46241e8816f50f62f6d6aaabee1"

[[package]]
name = "num_cpus"
version = "1.10.0"
source = "registry+https://github.com/rust-lang/crates.io-index"
checksum = "1a23f0ed30a54abaa0c7e83b1d2d87ada7c3c23078d1d87815af3e3b6385fbba"
dependencies = [
 "libc",
]

[[package]]
name = "owning_ref"
version = "0.4.0"
source = "registry+https://github.com/rust-lang/crates.io-index"
checksum = "49a4b8ea2179e6a2e27411d3bca09ca6dd630821cf6894c6c7c8467a8ee7ef13"
dependencies = [
 "stable_deref_trait",
]

[[package]]
name = "park"
version = "0.1.0"
dependencies = [
 "capnp",
 "capnp-rpc",
 "capnpc",
 "fnv",
 "futures",
 "portus",
 "tokio",
]

[[package]]
name = "parking_lot"
version = "0.7.1"
source = "registry+https://github.com/rust-lang/crates.io-index"
checksum = "ab41b4aed082705d1056416ae4468b6ea99d52599ecf3169b00088d43113e337"
dependencies = [
 "lock_api",
 "parking_lot_core",
]

[[package]]
name = "parking_lot_core"
version = "0.4.0"
source = "registry+https://github.com/rust-lang/crates.io-index"
checksum = "94c8c7923936b28d546dfd14d4472eaf34c99b14e1c973a32b3e6d4eb04298c9"
dependencies = [
 "libc",
 "rand",
 "rustc_version",
 "smallvec",
 "winapi 0.3.6",
]

[[package]]
name = "portus"
version = "0.5.0"
source = "registry+https://github.com/rust-lang/crates.io-index"
checksum = "33a15dba67d69b4d3e190798840ac7a4f59eed1ae471072e14ae5a9a2d9f5dd9"
dependencies = [
 "bytes",
 "clap",
 "colored",
 "crossbeam 0.7.1",
 "fnv",
 "itertools",
 "libc",
 "libloading",
 "nix",
 "nom",
 "proc-macro2",
 "quote",
 "regex",
 "slog",
 "slog-async",
 "slog-term",
 "structopt",
 "syn",
 "time",
 "toml",
 "walkdir",
]

[[package]]
name = "proc-macro2"
version = "0.4.27"
source = "registry+https://github.com/rust-lang/crates.io-index"
checksum = "4d317f9caece796be1980837fd5cb3dfec5613ebdb04ad0956deea83ce168915"
dependencies = [
 "unicode-xid",
]

[[package]]
name = "quote"
version = "0.6.11"
source = "registry+https://github.com/rust-lang/crates.io-index"
checksum = "cdd8e04bd9c52e0342b406469d494fcb033be4bdbe5c606016defbb1681411e1"
dependencies = [
 "proc-macro2",
]

[[package]]
name = "rand"
version = "0.6.5"
source = "registry+https://github.com/rust-lang/crates.io-index"
checksum = "6d71dacdc3c88c1fde3885a3be3fbab9f35724e6ce99467f7d9c5026132184ca"
dependencies = [
 "autocfg",
 "libc",
 "rand_chacha",
 "rand_core 0.4.0",
 "rand_hc",
 "rand_isaac",
 "rand_jitter",
 "rand_os",
 "rand_pcg",
 "rand_xorshift",
 "winapi 0.3.6",
]

[[package]]
name = "rand_chacha"
version = "0.1.1"
source = "registry+https://github.com/rust-lang/crates.io-index"
checksum = "556d3a1ca6600bfcbab7c7c91ccb085ac7fbbcd70e008a98742e7847f4f7bcef"
dependencies = [
 "autocfg",
 "rand_core 0.3.1",
]

[[package]]
name = "rand_core"
version = "0.3.1"
source = "registry+https://github.com/rust-lang/crates.io-index"
checksum = "7a6fdeb83b075e8266dcc8762c22776f6877a63111121f5f8c7411e5be7eed4b"
dependencies = [
 "rand_core 0.4.0",
]

[[package]]
name = "rand_core"
version = "0.4.0"
source = "registry+https://github.com/rust-lang/crates.io-index"
checksum = "d0e7a549d590831370895ab7ba4ea0c1b6b011d106b5ff2da6eee112615e6dc0"

[[package]]
name = "rand_hc"
version = "0.1.0"
source = "registry+https://github.com/rust-lang/crates.io-index"
checksum = "7b40677c7be09ae76218dc623efbf7b18e34bced3f38883af07bb75630a21bc4"
dependencies = [
 "rand_core 0.3.1",
]

[[package]]
name = "rand_isaac"
version = "0.1.1"
source = "registry+https://github.com/rust-lang/crates.io-index"
checksum = "ded997c9d5f13925be2a6fd7e66bf1872597f759fd9dd93513dd7e92e5a5ee08"
dependencies = [
 "rand_core 0.3.1",
]

[[package]]
name = "rand_jitter"
version = "0.1.3"
source = "registry+https://github.com/rust-lang/crates.io-index"
checksum = "7b9ea758282efe12823e0d952ddb269d2e1897227e464919a554f2a03ef1b832"
dependencies = [
 "libc",
 "rand_core 0.4.0",
 "winapi 0.3.6",
]

[[package]]
name = "rand_os"
version = "0.1.2"
source = "registry+https://github.com/rust-lang/crates.io-index"
checksum = "b7c690732391ae0abafced5015ffb53656abfaec61b342290e5eb56b286a679d"
dependencies = [
 "cloudabi",
 "fuchsia-cprng",
 "libc",
 "rand_core 0.4.0",
 "rdrand",
 "winapi 0.3.6",
]

[[package]]
name = "rand_pcg"
version = "0.1.1"
source = "registry+https://github.com/rust-lang/crates.io-index"
checksum = "086bd09a33c7044e56bb44d5bdde5a60e7f119a9e95b0775f545de759a32fe05"
dependencies = [
 "rand_core 0.3.1",
 "rustc_version",
]

[[package]]
name = "rand_xorshift"
version = "0.1.1"
source = "registry+https://github.com/rust-lang/crates.io-index"
checksum = "cbf7e9e623549b0e21f6e97cf8ecf247c1a8fd2e8a992ae265314300b2455d5c"
dependencies = [
 "rand_core 0.3.1",
]

[[package]]
name = "rdrand"
version = "0.4.0"
source = "registry+https://github.com/rust-lang/crates.io-index"
checksum = "678054eb77286b51581ba43620cc911abf02758c91f93f479767aed0f90458b2"
dependencies = [
 "rand_core 0.3.1",
]

[[package]]
name = "redox_syscall"
version = "0.1.51"
source = "registry+https://github.com/rust-lang/crates.io-index"
checksum = "423e376fffca3dfa06c9e9790a9ccd282fafb3cc6e6397d01dbf64f9bacc6b85"

[[package]]
name = "redox_termios"
version = "0.1.1"
source = "registry+https://github.com/rust-lang/crates.io-index"
checksum = "7e891cfe48e9100a70a3b6eb652fef28920c117d366339687bd5576160db0f76"
dependencies = [
 "redox_syscall",
]

[[package]]
name = "regex"
version = "1.1.2"
source = "registry+https://github.com/rust-lang/crates.io-index"
checksum = "53ee8cfdddb2e0291adfb9f13d31d3bbe0a03c9a402c01b1e24188d86c35b24f"
dependencies = [
 "aho-corasick",
 "memchr",
 "regex-syntax",
 "thread_local",
 "utf8-ranges",
]

[[package]]
name = "regex-syntax"
version = "0.6.5"
source = "registry+https://github.com/rust-lang/crates.io-index"
checksum = "8c2f35eedad5295fdf00a63d7d4b238135723f92b434ec06774dad15c7ab0861"
dependencies = [
 "ucd-util",
]

[[package]]
name = "rustc_version"
version = "0.2.3"
source = "registry+https://github.com/rust-lang/crates.io-index"
checksum = "138e3e0acb6c9fb258b19b67cb8abd63c00679d2851805ea151465464fe9030a"
dependencies = [
 "semver",
]

[[package]]
name = "same-file"
version = "1.0.4"
source = "registry+https://github.com/rust-lang/crates.io-index"
checksum = "8f20c4be53a8a1ff4c1f1b2bd14570d2f634628709752f0702ecdd2b3f9a5267"
dependencies = [
 "winapi-util",
]

[[package]]
name = "scopeguard"
version = "0.3.3"
source = "registry+https://github.com/rust-lang/crates.io-index"
checksum = "94258f53601af11e6a49f722422f6e3425c52b06245a5cf9bc09908b174f5e27"

[[package]]
name = "semver"
version = "0.9.0"
source = "registry+https://github.com/rust-lang/crates.io-index"
checksum = "1d7eb9ef2c18661902cc47e535f9bc51b78acd254da71d375c2f6720d9a40403"
dependencies = [
 "semver-parser",
]

[[package]]
name = "semver-parser"
version = "0.7.0"
source = "registry+https://github.com/rust-lang/crates.io-index"
checksum = "388a1df253eca08550bef6c72392cfe7c30914bf41df5269b68cbd6ff8f570a3"

[[package]]
name = "serde"
version = "1.0.89"
source = "registry+https://github.com/rust-lang/crates.io-index"
checksum = "92514fb95f900c9b5126e32d020f5c6d40564c27a5ea6d1d7d9f157a96623560"

[[package]]
name = "slab"
version = "0.4.2"
source = "registry+https://github.com/rust-lang/crates.io-index"
checksum = "c111b5bd5695e56cffe5129854aa230b39c93a305372fdbb2668ca2394eea9f8"

[[package]]
name = "slog"
version = "2.4.1"
source = "registry+https://github.com/rust-lang/crates.io-index"
checksum = "1e1a2eec401952cd7b12a84ea120e2d57281329940c3f93c2bf04f462539508e"

[[package]]
name = "slog-async"
version = "2.3.0"
source = "registry+https://github.com/rust-lang/crates.io-index"
checksum = "e544d16c6b230d84c866662fe55e31aacfca6ae71e6fc49ae9a311cb379bfc2f"
dependencies = [
 "slog",
 "take_mut",
 "thread_local",
]

[[package]]
name = "slog-term"
version = "2.4.0"
source = "registry+https://github.com/rust-lang/crates.io-index"
checksum = "5951a808c40f419922ee014c15b6ae1cd34d963538b57d8a4778b9ca3fff1e0b"
dependencies = [
 "chrono",
 "isatty",
 "slog",
 "term",
 "thread_local",
]

[[package]]
name = "smallvec"
version = "0.6.8"
source = "registry+https://github.com/rust-lang/crates.io-index"
checksum = "88aea073965ab29f6edb5493faf96ad662fb18aa9eeb186a3b7057951605ed15"
dependencies = [
 "unreachable",
]

[[package]]
name = "stable_deref_trait"
version = "1.1.1"
source = "registry+https://github.com/rust-lang/crates.io-index"
checksum = "dba1a27d3efae4351c8051072d619e3ade2820635c3958d826bfea39d59b54c8"

[[package]]
name = "strsim"
version = "0.7.0"
source = "registry+https://github.com/rust-lang/crates.io-index"
checksum = "bb4f380125926a99e52bc279241539c018323fab05ad6368b56f93d9369ff550"

[[package]]
name = "structopt"
version = "0.2.15"
source = "registry+https://github.com/rust-lang/crates.io-index"
checksum = "3d0760c312538987d363c36c42339b55f5ee176ea8808bbe4543d484a291c8d1"
dependencies = [
 "clap",
 "structopt-derive",
]

[[package]]
name = "structopt-derive"
version = "0.2.15"
source = "registry+https://github.com/rust-lang/crates.io-index"
checksum = "528aeb7351d042e6ffbc2a6fb76a86f9b622fdf7c25932798e7a82cb03bc94c6"
dependencies = [
 "heck",
 "proc-macro2",
 "quote",
 "syn",
]

[[package]]
name = "syn"
version = "0.15.29"
source = "registry+https://github.com/rust-lang/crates.io-index"
checksum = "1825685f977249735d510a242a6727b46efe914bb67e38d30c071b1b72b1d5c2"
dependencies = [
 "proc-macro2",
 "quote",
 "unicode-xid",
]

[[package]]
name = "take_mut"
version = "0.2.2"
source = "registry+https://github.com/rust-lang/crates.io-index"
checksum = "f764005d11ee5f36500a149ace24e00e3da98b0158b3e2d53a7495660d3f4d60"

[[package]]
name = "term"
version = "0.5.1"
source = "registry+https://github.com/rust-lang/crates.io-index"
checksum = "5e6b677dd1e8214ea1ef4297f85dbcbed8e8cdddb561040cc998ca2551c37561"
dependencies = [
 "byteorder",
 "winapi 0.3.6",
]

[[package]]
name = "termion"
version = "1.5.1"
source = "registry+https://github.com/rust-lang/crates.io-index"
checksum = "689a3bdfaab439fd92bc87df5c4c78417d3cbe537487274e9b0b2dce76e92096"
dependencies = [
 "libc",
 "redox_syscall",
 "redox_termios",
]

[[package]]
name = "textwrap"
version = "0.10.0"
source = "registry+https://github.com/rust-lang/crates.io-index"
checksum = "307686869c93e71f94da64286f9a9524c0f308a9e1c87a583de8e9c9039ad3f6"
dependencies = [
 "unicode-width",
]

[[package]]
name = "thread_local"
version = "0.3.6"
source = "registry+https://github.com/rust-lang/crates.io-index"
checksum = "c6b53e329000edc2b34dbe8545fd20e55a333362d0a321909685a19bd28c3f1b"
dependencies = [
 "lazy_static",
]

[[package]]
name = "time"
version = "0.1.42"
source = "registry+https://github.com/rust-lang/crates.io-index"
checksum = "db8dcfca086c1143c9270ac42a2bbd8a7ee477b78ac8e45b19abfb0cbede4b6f"
dependencies = [
 "libc",
 "redox_syscall",
 "winapi 0.3.6",
]

[[package]]
name = "tokio"
version = "0.1.15"
source = "registry+https://github.com/rust-lang/crates.io-index"
checksum = "e0500b88064f08bebddd0c0bed39e19f5c567a5f30975bee52b0c0d3e2eeb38c"
dependencies = [
 "bytes",
 "futures",
 "mio",
 "num_cpus",
 "tokio-codec",
 "tokio-current-thread",
 "tokio-executor",
 "tokio-fs",
 "tokio-io",
 "tokio-reactor",
 "tokio-sync",
 "tokio-tcp",
 "tokio-threadpool",
 "tokio-timer",
 "tokio-udp",
 "tokio-uds",
]

[[package]]
name = "tokio-codec"
version = "0.1.1"
source = "registry+https://github.com/rust-lang/crates.io-index"
checksum = "5c501eceaf96f0e1793cf26beb63da3d11c738c4a943fdf3746d81d64684c39f"
dependencies = [
 "bytes",
 "futures",
 "tokio-io",
]

[[package]]
name = "tokio-current-thread"
version = "0.1.4"
source = "registry+https://github.com/rust-lang/crates.io-index"
checksum = "331c8acc267855ec06eb0c94618dcbbfea45bed2d20b77252940095273fb58f6"
dependencies = [
 "futures",
 "tokio-executor",
]

[[package]]
name = "tokio-executor"
version = "0.1.6"
source = "registry+https://github.com/rust-lang/crates.io-index"
checksum = "30c6dbf2d1ad1de300b393910e8a3aa272b724a400b6531da03eed99e329fbf0"
dependencies = [
 "crossbeam-utils",
 "futures",
]

[[package]]
name = "tokio-fs"
version = "0.1.5"
source = "registry+https://github.com/rust-lang/crates.io-index"
checksum = "0e9cbbc8a3698b7ab652340f46633364f9eaa928ddaaee79d8b8f356dd79a09d"
dependencies = [
 "futures",
 "tokio-io",
 "tokio-threadpool",
]

[[package]]
name = "tokio-io"
version = "0.1.11"
source = "registry+https://github.com/rust-lang/crates.io-index"
checksum = "b53aeb9d3f5ccf2ebb29e19788f96987fa1355f8fe45ea193928eaaaf3ae820f"
dependencies = [
 "bytes",
 "futures",
 "log",
]

[[package]]
name = "tokio-reactor"
version = "0.1.8"
source = "registry+https://github.com/rust-lang/crates.io-index"
checksum = "afbcdb0f0d2a1e4c440af82d7bbf0bf91a8a8c0575bcd20c05d15be7e9d3a02f"
dependencies = [
 "crossbeam-utils",
 "futures",
 "lazy_static",
 "log",
 "mio",
 "num_cpus",
 "parking_lot",
 "slab",
 "tokio-executor",
 "tokio-io",
]

[[package]]
name = "tokio-sync"
version = "0.1.1"
source = "registry+https://github.com/rust-lang/crates.io-index"
checksum = "3742b64166c1ee9121f1921aea5a726098458926a6b732d906ef23b1f3ef6f4f"
dependencies = [
 "futures",
]

[[package]]
name = "tokio-tcp"
version = "0.1.3"
source = "registry+https://github.com/rust-lang/crates.io-index"
checksum = "1d14b10654be682ac43efee27401d792507e30fd8d26389e1da3b185de2e4119"
dependencies = [
 "bytes",
 "futures",
 "iovec",
 "mio",
 "tokio-io",
 "tokio-reactor",
]

[[package]]
name = "tokio-threadpool"
version = "0.1.11"
source = "registry+https://github.com/rust-lang/crates.io-index"
checksum = "c3fd86cb15547d02daa2b21aadaf4e37dee3368df38a526178a5afa3c034d2fb"
dependencies = [
 "crossbeam 0.6.0",
 "crossbeam-channel",
 "crossbeam-deque 0.6.3",
 "crossbeam-utils",
 "futures",
 "log",
 "num_cpus",
 "rand",
 "slab",
 "tokio-executor",
]

[[package]]
name = "tokio-timer"
version = "0.2.10"
source = "registry+https://github.com/rust-lang/crates.io-index"
checksum = "2910970404ba6fa78c5539126a9ae2045d62e3713041e447f695f41405a120c6"
dependencies = [
 "crossbeam-utils",
 "futures",
 "slab",
 "tokio-executor",
]

[[package]]
name = "tokio-udp"
version = "0.1.3"
source = "registry+https://github.com/rust-lang/crates.io-index"
checksum = "66268575b80f4a4a710ef83d087fdfeeabdce9b74c797535fbac18a2cb906e92"
dependencies = [
 "bytes",
 "futures",
 "log",
 "mio",
 "tokio-codec",
 "tokio-io",
 "tokio-reactor",
]

[[package]]
name = "tokio-uds"
version = "0.2.5"
source = "registry+https://github.com/rust-lang/crates.io-index"
checksum = "037ffc3ba0e12a0ab4aca92e5234e0dedeb48fddf6ccd260f1f150a36a9f2445"
dependencies = [
 "bytes",
 "futures",
 "iovec",
 "libc",
 "log",
 "mio",
 "mio-uds",
 "tokio-codec",
 "tokio-io",
 "tokio-reactor",
]

[[package]]
name = "toml"
version = "0.4.10"
source = "registry+https://github.com/rust-lang/crates.io-index"
checksum = "758664fc71a3a69038656bee8b6be6477d2a6c315a6b81f7081f591bffa4111f"
dependencies = [
 "serde",
]

[[package]]
name = "ucd-util"
version = "0.1.3"
source = "registry+https://github.com/rust-lang/crates.io-index"
checksum = "535c204ee4d8434478593480b8f86ab45ec9aae0e83c568ca81abf0fd0e88f86"

[[package]]
name = "unicode-segmentation"
version = "1.2.1"
source = "registry+https://github.com/rust-lang/crates.io-index"
checksum = "aa6024fc12ddfd1c6dbc14a80fa2324d4568849869b779f6bd37e5e4c03344d1"

[[package]]
name = "unicode-width"
version = "0.1.5"
source = "registry+https://github.com/rust-lang/crates.io-index"
checksum = "882386231c45df4700b275c7ff55b6f3698780a650026380e72dabe76fa46526"

[[package]]
name = "unicode-xid"
version = "0.1.0"
source = "registry+https://github.com/rust-lang/crates.io-index"
checksum = "fc72304796d0818e357ead4e000d19c9c174ab23dc11093ac919054d20a6a7fc"

[[package]]
name = "unreachable"
version = "1.0.0"
source = "registry+https://github.com/rust-lang/crates.io-index"
checksum = "382810877fe448991dfc7f0dd6e3ae5d58088fd0ea5e35189655f84e6814fa56"
dependencies = [
 "void",
]

[[package]]
name = "utf8-ranges"
version = "1.0.2"
source = "registry+https://github.com/rust-lang/crates.io-index"
checksum = "796f7e48bef87609f7ade7e06495a87d5cd06c7866e6a5cbfceffc558a243737"

[[package]]
name = "vec_map"
version = "0.8.1"
source = "registry+https://github.com/rust-lang/crates.io-index"
checksum = "05c78687fb1a80548ae3250346c3db86a80a7cdd77bda190189f2d0a0987c81a"

[[package]]
name = "version_check"
version = "0.1.5"
source = "registry+https://github.com/rust-lang/crates.io-index"
checksum = "914b1a6776c4c929a602fafd8bc742e06365d4bcbe48c30f9cca5824f70dc9dd"

[[package]]
name = "void"
version = "1.0.2"
source = "registry+https://github.com/rust-lang/crates.io-index"
checksum = "6a02e4885ed3bc0f2de90ea6dd45ebcbb66dacffe03547fadbb0eeae2770887d"

[[package]]
name = "walkdir"
version = "2.2.7"
source = "registry+https://github.com/rust-lang/crates.io-index"
checksum = "9d9d7ed3431229a144296213105a390676cc49c9b6a72bd19f3176c98e129fa1"
dependencies = [
 "same-file",
 "winapi 0.3.6",
 "winapi-util",
]

[[package]]
name = "winapi"
version = "0.2.8"
source = "registry+https://github.com/rust-lang/crates.io-index"
checksum = "167dc9d6949a9b857f3451275e911c3f44255842c1f7a76f33c55103a909087a"

[[package]]
name = "winapi"
version = "0.3.6"
source = "registry+https://github.com/rust-lang/crates.io-index"
checksum = "92c1eb33641e276cfa214a0522acad57be5c56b10cb348b3c5117db75f3ac4b0"
dependencies = [
 "winapi-i686-pc-windows-gnu",
 "winapi-x86_64-pc-windows-gnu",
]

[[package]]
name = "winapi-build"
version = "0.1.1"
source = "registry+https://github.com/rust-lang/crates.io-index"
checksum = "2d315eee3b34aca4797b2da6b13ed88266e6d612562a0c46390af8299fc699bc"

[[package]]
name = "winapi-i686-pc-windows-gnu"
version = "0.4.0"
source = "registry+https://github.com/rust-lang/crates.io-index"
checksum = "ac3b87c63620426dd9b991e5ce0329eff545bccbbb34f3be09ff6fb6ab51b7b6"

[[package]]
name = "winapi-util"
version = "0.1.2"
source = "registry+https://github.com/rust-lang/crates.io-index"
checksum = "7168bab6e1daee33b4557efd0e95d5ca70a03706d39fa5f3fe7a236f584b03c9"
dependencies = [
 "winapi 0.3.6",
]

[[package]]
name = "winapi-x86_64-pc-windows-gnu"
version = "0.4.0"
source = "registry+https://github.com/rust-lang/crates.io-index"
checksum = "712e227841d057c1ee1cd2fb22fa7e5a5461ae8e48fa2ca79ec42cfc1931183f"

[[package]]
name = "ws2_32-sys"
version = "0.2.1"
source = "registry+https://github.com/rust-lang/crates.io-index"
checksum = "d59cefebd0c892fa2dd6de581e937301d8552cb44489cdff035c6187cb63fa5e"
dependencies = [
 "winapi 0.2.8",
 "winapi-build",
]
